// !$*UTF8*$!
{
	archiveVersion = 1;
	classes = {
	};
	objectVersion = 46;
	objects = {

/* Begin PBXBuildFile section */
		4FC136BC19362D4B00C6B966 /* Foundation.framework in Frameworks */ = {isa = PBXBuildFile; fileRef = 4FC136BB19362D4B00C6B966 /* Foundation.framework */; };
		4FC136BE19362D4B00C6B966 /* CoreGraphics.framework in Frameworks */ = {isa = PBXBuildFile; fileRef = 4FC136BD19362D4B00C6B966 /* CoreGraphics.framework */; };
		4FC136C019362D4B00C6B966 /* UIKit.framework in Frameworks */ = {isa = PBXBuildFile; fileRef = 4FC136BF19362D4B00C6B966 /* UIKit.framework */; };
		4FC136C619362D4B00C6B966 /* InfoPlist.strings in Resources */ = {isa = PBXBuildFile; fileRef = 4FC136C419362D4B00C6B966 /* InfoPlist.strings */; };
		4FC136C819362D4B00C6B966 /* main.m in Sources */ = {isa = PBXBuildFile; fileRef = 4FC136C719362D4B00C6B966 /* main.m */; };
		4FC136CC19362D4B00C6B966 /* RMAppDelegate.m in Sources */ = {isa = PBXBuildFile; fileRef = 4FC136CB19362D4B00C6B966 /* RMAppDelegate.m */; };
		4FC136CF19362D4B00C6B966 /* Main.storyboard in Resources */ = {isa = PBXBuildFile; fileRef = 4FC136CD19362D4B00C6B966 /* Main.storyboard */; };
		4FC136D219362D4B00C6B966 /* RMViewController.m in Sources */ = {isa = PBXBuildFile; fileRef = 4FC136D119362D4B00C6B966 /* RMViewController.m */; };
		4FC136D419362D4B00C6B966 /* Images.xcassets in Resources */ = {isa = PBXBuildFile; fileRef = 4FC136D319362D4B00C6B966 /* Images.xcassets */; };
		4FC136DB19362D4B00C6B966 /* XCTest.framework in Frameworks */ = {isa = PBXBuildFile; fileRef = 4FC136DA19362D4B00C6B966 /* XCTest.framework */; };
		4FC136DC19362D4B00C6B966 /* Foundation.framework in Frameworks */ = {isa = PBXBuildFile; fileRef = 4FC136BB19362D4B00C6B966 /* Foundation.framework */; };
		4FC136DD19362D4B00C6B966 /* UIKit.framework in Frameworks */ = {isa = PBXBuildFile; fileRef = 4FC136BF19362D4B00C6B966 /* UIKit.framework */; };
		4FC136E519362D4B00C6B966 /* InfoPlist.strings in Resources */ = {isa = PBXBuildFile; fileRef = 4FC136E319362D4B00C6B966 /* InfoPlist.strings */; };
		4FC136E719362D4B00C6B966 /* Git_TestTests.m in Sources */ = {isa = PBXBuildFile; fileRef = 4FC136E619362D4B00C6B966 /* Git_TestTests.m */; };
/* End PBXBuildFile section */

/* Begin PBXContainerItemProxy section */
		4FC136DE19362D4B00C6B966 /* PBXContainerItemProxy */ = {
			isa = PBXContainerItemProxy;
			containerPortal = 4FC136B019362D4B00C6B966 /* Project object */;
			proxyType = 1;
			remoteGlobalIDString = 4FC136B719362D4B00C6B966;
			remoteInfo = "Git Test";
		};
/* End PBXContainerItemProxy section */

/* Begin PBXFileReference section */
		4FC136B819362D4B00C6B966 /* Git Test.app */ = {isa = PBXFileReference; explicitFileType = wrapper.application; includeInIndex = 0; path = "Git Test.app"; sourceTree = BUILT_PRODUCTS_DIR; };
		4FC136BB19362D4B00C6B966 /* Foundation.framework */ = {isa = PBXFileReference; lastKnownFileType = wrapper.framework; name = Foundation.framework; path = System/Library/Frameworks/Foundation.framework; sourceTree = SDKROOT; };
		4FC136BD19362D4B00C6B966 /* CoreGraphics.framework */ = {isa = PBXFileReference; lastKnownFileType = wrapper.framework; name = CoreGraphics.framework; path = System/Library/Frameworks/CoreGraphics.framework; sourceTree = SDKROOT; };
		4FC136BF19362D4B00C6B966 /* UIKit.framework */ = {isa = PBXFileReference; lastKnownFileType = wrapper.framework; name = UIKit.framework; path = System/Library/Frameworks/UIKit.framework; sourceTree = SDKROOT; };
		4FC136C319362D4B00C6B966 /* Git Test-Info.plist */ = {isa = PBXFileReference; lastKnownFileType = text.plist.xml; path = "Git Test-Info.plist"; sourceTree = "<group>"; };
		4FC136C519362D4B00C6B966 /* en */ = {isa = PBXFileReference; lastKnownFileType = text.plist.strings; name = en; path = en.lproj/InfoPlist.strings; sourceTree = "<group>"; };
		4FC136C719362D4B00C6B966 /* main.m */ = {isa = PBXFileReference; lastKnownFileType = sourcecode.c.objc; path = main.m; sourceTree = "<group>"; };
		4FC136C919362D4B00C6B966 /* Git Test-Prefix.pch */ = {isa = PBXFileReference; lastKnownFileType = sourcecode.c.h; path = "Git Test-Prefix.pch"; sourceTree = "<group>"; };
		4FC136CA19362D4B00C6B966 /* RMAppDelegate.h */ = {isa = PBXFileReference; lastKnownFileType = sourcecode.c.h; path = RMAppDelegate.h; sourceTree = "<group>"; };
		4FC136CB19362D4B00C6B966 /* RMAppDelegate.m */ = {isa = PBXFileReference; lastKnownFileType = sourcecode.c.objc; path = RMAppDelegate.m; sourceTree = "<group>"; };
		4FC136CE19362D4B00C6B966 /* Base */ = {isa = PBXFileReference; lastKnownFileType = file.storyboard; name = Base; path = Base.lproj/Main.storyboard; sourceTree = "<group>"; };
		4FC136D019362D4B00C6B966 /* RMViewController.h */ = {isa = PBXFileReference; lastKnownFileType = sourcecode.c.h; path = RMViewController.h; sourceTree = "<group>"; };
		4FC136D119362D4B00C6B966 /* RMViewController.m */ = {isa = PBXFileReference; lastKnownFileType = sourcecode.c.objc; path = RMViewController.m; sourceTree = "<group>"; };
		4FC136D319362D4B00C6B966 /* Images.xcassets */ = {isa = PBXFileReference; lastKnownFileType = folder.assetcatalog; path = Images.xcassets; sourceTree = "<group>"; };
		4FC136D919362D4B00C6B966 /* Git TestTests.xctest */ = {isa = PBXFileReference; explicitFileType = wrapper.cfbundle; includeInIndex = 0; path = "Git TestTests.xctest"; sourceTree = BUILT_PRODUCTS_DIR; };
		4FC136DA19362D4B00C6B966 /* XCTest.framework */ = {isa = PBXFileReference; lastKnownFileType = wrapper.framework; name = XCTest.framework; path = Library/Frameworks/XCTest.framework; sourceTree = DEVELOPER_DIR; };
		4FC136E219362D4B00C6B966 /* Git TestTests-Info.plist */ = {isa = PBXFileReference; lastKnownFileType = text.plist.xml; path = "Git TestTests-Info.plist"; sourceTree = "<group>"; };
		4FC136E419362D4B00C6B966 /* en */ = {isa = PBXFileReference; lastKnownFileType = text.plist.strings; name = en; path = en.lproj/InfoPlist.strings; sourceTree = "<group>"; };
		4FC136E619362D4B00C6B966 /* Git_TestTests.m */ = {isa = PBXFileReference; lastKnownFileType = sourcecode.c.objc; path = Git_TestTests.m; sourceTree = "<group>"; };
/* End PBXFileReference section */

/* Begin PBXFrameworksBuildPhase section */
		4FC136B519362D4B00C6B966 /* Frameworks */ = {
			isa = PBXFrameworksBuildPhase;
			buildActionMask = 2147483647;
			files = (
				4FC136BE19362D4B00C6B966 /* CoreGraphics.framework in Frameworks */,
				4FC136C019362D4B00C6B966 /* UIKit.framework in Frameworks */,
				4FC136BC19362D4B00C6B966 /* Foundation.framework in Frameworks */,
			);
			runOnlyForDeploymentPostprocessing = 0;
		};
		4FC136D619362D4B00C6B966 /* Frameworks */ = {
			isa = PBXFrameworksBuildPhase;
			buildActionMask = 2147483647;
			files = (
				4FC136DB19362D4B00C6B966 /* XCTest.framework in Frameworks */,
				4FC136DD19362D4B00C6B966 /* UIKit.framework in Frameworks */,
				4FC136DC19362D4B00C6B966 /* Foundation.framework in Frameworks */,
			);
			runOnlyForDeploymentPostprocessing = 0;
		};
/* End PBXFrameworksBuildPhase section */

/* Begin PBXGroup section */
		4FC136AF19362D4B00C6B966 = {
			isa = PBXGroup;
			children = (
				4FC136C119362D4B00C6B966 /* Git Test */,
				4FC136E019362D4B00C6B966 /* Git TestTests */,
				4FC136BA19362D4B00C6B966 /* Frameworks */,
				4FC136B919362D4B00C6B966 /* Products */,
			);
			sourceTree = "<group>";
		};
		4FC136B919362D4B00C6B966 /* Products */ = {
			isa = PBXGroup;
			children = (
				4FC136B819362D4B00C6B966 /* Git Test.app */,
				4FC136D919362D4B00C6B966 /* Git TestTests.xctest */,
			);
			name = Products;
			sourceTree = "<group>";
		};
		4FC136BA19362D4B00C6B966 /* Frameworks */ = {
			isa = PBXGroup;
			children = (
				4FC136BB19362D4B00C6B966 /* Foundation.framework */,
				4FC136BD19362D4B00C6B966 /* CoreGraphics.framework */,
				4FC136BF19362D4B00C6B966 /* UIKit.framework */,
				4FC136DA19362D4B00C6B966 /* XCTest.framework */,
			);
			name = Frameworks;
			sourceTree = "<group>";
		};
		4FC136C119362D4B00C6B966 /* Git Test */ = {
			isa = PBXGroup;
			children = (
				4FC136CA19362D4B00C6B966 /* RMAppDelegate.h */,
				4FC136CB19362D4B00C6B966 /* RMAppDelegate.m */,
				4FC136CD19362D4B00C6B966 /* Main.storyboard */,
				4FC136D019362D4B00C6B966 /* RMViewController.h */,
				4FC136D119362D4B00C6B966 /* RMViewController.m */,
				4FC136D319362D4B00C6B966 /* Images.xcassets */,
				4FC136C219362D4B00C6B966 /* Supporting Files */,
			);
			path = "Git Test";
			sourceTree = "<group>";
		};
		4FC136C219362D4B00C6B966 /* Supporting Files */ = {
			isa = PBXGroup;
			children = (
				4FC136C319362D4B00C6B966 /* Git Test-Info.plist */,
				4FC136C419362D4B00C6B966 /* InfoPlist.strings */,
				4FC136C719362D4B00C6B966 /* main.m */,
				4FC136C919362D4B00C6B966 /* Git Test-Prefix.pch */,
			);
			name = "Supporting Files";
			sourceTree = "<group>";
		};
		4FC136E019362D4B00C6B966 /* Git TestTests */ = {
			isa = PBXGroup;
			children = (
				4FC136E619362D4B00C6B966 /* Git_TestTests.m */,
				4FC136E119362D4B00C6B966 /* Supporting Files */,
			);
			path = "Git TestTests";
			sourceTree = "<group>";
		};
		4FC136E119362D4B00C6B966 /* Supporting Files */ = {
			isa = PBXGroup;
			children = (
				4FC136E219362D4B00C6B966 /* Git TestTests-Info.plist */,
				4FC136E319362D4B00C6B966 /* InfoPlist.strings */,
			);
			name = "Supporting Files";
			sourceTree = "<group>";
		};
/* End PBXGroup section */

/* Begin PBXNativeTarget section */
		4FC136B719362D4B00C6B966 /* Git Test */ = {
			isa = PBXNativeTarget;
			buildConfigurationList = 4FC136EA19362D4B00C6B966 /* Build configuration list for PBXNativeTarget "Git Test" */;
			buildPhases = (
				4FC136B419362D4B00C6B966 /* Sources */,
				4FC136B519362D4B00C6B966 /* Frameworks */,
				4FC136B619362D4B00C6B966 /* Resources */,
			);
			buildRules = (
			);
			dependencies = (
			);
			name = "Git Test";
			productName = "Git Test";
			productReference = 4FC136B819362D4B00C6B966 /* Git Test.app */;
			productType = "com.apple.product-type.application";
		};
		4FC136D819362D4B00C6B966 /* Git TestTests */ = {
			isa = PBXNativeTarget;
			buildConfigurationList = 4FC136ED19362D4B00C6B966 /* Build configuration list for PBXNativeTarget "Git TestTests" */;
			buildPhases = (
				4FC136D519362D4B00C6B966 /* Sources */,
				4FC136D619362D4B00C6B966 /* Frameworks */,
				4FC136D719362D4B00C6B966 /* Resources */,
			);
			buildRules = (
			);
			dependencies = (
				4FC136DF19362D4B00C6B966 /* PBXTargetDependency */,
			);
			name = "Git TestTests";
			productName = "Git TestTests";
			productReference = 4FC136D919362D4B00C6B966 /* Git TestTests.xctest */;
			productType = "com.apple.product-type.bundle.unit-test";
		};
/* End PBXNativeTarget section */

/* Begin PBXProject section */
		4FC136B019362D4B00C6B966 /* Project object */ = {
			isa = PBXProject;
			attributes = {
				CLASSPREFIX = RM;
				LastUpgradeCheck = 0510;
				ORGANIZATIONNAME = "Ryan Maturski";
				TargetAttributes = {
					4FC136D819362D4B00C6B966 = {
						TestTargetID = 4FC136B719362D4B00C6B966;
					};
				};
			};
			buildConfigurationList = 4FC136B319362D4B00C6B966 /* Build configuration list for PBXProject "Git Test" */;
			compatibilityVersion = "Xcode 3.2";
			developmentRegion = English;
			hasScannedForEncodings = 0;
			knownRegions = (
				en,
				Base,
			);
			mainGroup = 4FC136AF19362D4B00C6B966;
			productRefGroup = 4FC136B919362D4B00C6B966 /* Products */;
			projectDirPath = "";
			projectRoot = "";
			targets = (
				4FC136B719362D4B00C6B966 /* Git Test */,
				4FC136D819362D4B00C6B966 /* Git TestTests */,
			);
		};
/* End PBXProject section */

/* Begin PBXResourcesBuildPhase section */
		4FC136B619362D4B00C6B966 /* Resources */ = {
			isa = PBXResourcesBuildPhase;
			buildActionMask = 2147483647;
			files = (
				4FC136D419362D4B00C6B966 /* Images.xcassets in Resources */,
				4FC136C619362D4B00C6B966 /* InfoPlist.strings in Resources */,
				4FC136CF19362D4B00C6B966 /* Main.storyboard in Resources */,
			);
			runOnlyForDeploymentPostprocessing = 0;
		};
		4FC136D719362D4B00C6B966 /* Resources */ = {
			isa = PBXResourcesBuildPhase;
			buildActionMask = 2147483647;
			files = (
				4FC136E519362D4B00C6B966 /* InfoPlist.strings in Resources */,
			);
			runOnlyForDeploymentPostprocessing = 0;
		};
/* End PBXResourcesBuildPhase section */

/* Begin PBXSourcesBuildPhase section */
		4FC136B419362D4B00C6B966 /* Sources */ = {
			isa = PBXSourcesBuildPhase;
			buildActionMask = 2147483647;
			files = (
				4FC136C819362D4B00C6B966 /* main.m in Sources */,
				4FC136CC19362D4B00C6B966 /* RMAppDelegate.m in Sources */,
				4FC136D219362D4B00C6B966 /* RMViewController.m in Sources */,
			);
			runOnlyForDeploymentPostprocessing = 0;
		};
		4FC136D519362D4B00C6B966 /* Sources */ = {
			isa = PBXSourcesBuildPhase;
			buildActionMask = 2147483647;
			files = (
				4FC136E719362D4B00C6B966 /* Git_TestTests.m in Sources */,
			);
			runOnlyForDeploymentPostprocessing = 0;
		};
/* End PBXSourcesBuildPhase section */

/* Begin PBXTargetDependency section */
		4FC136DF19362D4B00C6B966 /* PBXTargetDependency */ = {
			isa = PBXTargetDependency;
			target = 4FC136B719362D4B00C6B966 /* Git Test */;
			targetProxy = 4FC136DE19362D4B00C6B966 /* PBXContainerItemProxy */;
		};
/* End PBXTargetDependency section */

/* Begin PBXVariantGroup section */
		4FC136C419362D4B00C6B966 /* InfoPlist.strings */ = {
			isa = PBXVariantGroup;
			children = (
				4FC136C519362D4B00C6B966 /* en */,
			);
			name = InfoPlist.strings;
			sourceTree = "<group>";
		};
		4FC136CD19362D4B00C6B966 /* Main.storyboard */ = {
			isa = PBXVariantGroup;
			children = (
				4FC136CE19362D4B00C6B966 /* Base */,
			);
			name = Main.storyboard;
			sourceTree = "<group>";
		};
		4FC136E319362D4B00C6B966 /* InfoPlist.strings */ = {
			isa = PBXVariantGroup;
			children = (
				4FC136E419362D4B00C6B966 /* en */,
			);
			name = InfoPlist.strings;
			sourceTree = "<group>";
		};
/* End PBXVariantGroup section */

/* Begin XCBuildConfiguration section */
		4FC136E819362D4B00C6B966 /* Debug */ = {
			isa = XCBuildConfiguration;
			buildSettings = {
				ALWAYS_SEARCH_USER_PATHS = NO;
				CLANG_CXX_LANGUAGE_STANDARD = "gnu++0x";
				CLANG_CXX_LIBRARY = "libc++";
				CLANG_ENABLE_MODULES = YES;
				CLANG_ENABLE_OBJC_ARC = YES;
				CLANG_WARN_BOOL_CONVERSION = YES;
				CLANG_WARN_CONSTANT_CONVERSION = YES;
				CLANG_WARN_DIRECT_OBJC_ISA_USAGE = YES_ERROR;
				CLANG_WARN_EMPTY_BODY = YES;
				CLANG_WARN_ENUM_CONVERSION = YES;
				CLANG_WARN_INT_CONVERSION = YES;
				CLANG_WARN_OBJC_ROOT_CLASS = YES_ERROR;
				CLANG_WARN__DUPLICATE_METHOD_MATCH = YES;
				"CODE_SIGN_IDENTITY[sdk=iphoneos*]" = "iPhone Developer";
				COPY_PHASE_STRIP = NO;
				GCC_C_LANGUAGE_STANDARD = gnu99;
				GCC_DYNAMIC_NO_PIC = NO;
				GCC_OPTIMIZATION_LEVEL = 0;
				GCC_PREPROCESSOR_DEFINITIONS = (
					"DEBUG=1",
					"$(inherited)",
				);
				GCC_SYMBOLS_PRIVATE_EXTERN = NO;
				GCC_WARN_64_TO_32_BIT_CONVERSION = YES;
				GCC_WARN_ABOUT_RETURN_TYPE = YES_ERROR;
				GCC_WARN_UNDECLARED_SELECTOR = YES;
				GCC_WARN_UNINITIALIZED_AUTOS = YES_AGGRESSIVE;
				GCC_WARN_UNUSED_FUNCTION = YES;
				GCC_WARN_UNUSED_VARIABLE = YES;
				IPHONEOS_DEPLOYMENT_TARGET = 7.1;
				ONLY_ACTIVE_ARCH = YES;
				SDKROOT = iphoneos;
			};
			name = Debug;
		};
		4FC136E919362D4B00C6B966 /* Release */ = {
			isa = XCBuildConfiguration;
			buildSettings = {
				ALWAYS_SEARCH_USER_PATHS = NO;
				CLANG_CXX_LANGUAGE_STANDARD = "gnu++0x";
				CLANG_CXX_LIBRARY = "libc++";
				CLANG_ENABLE_MODULES = YES;
				CLANG_ENABLE_OBJC_ARC = YES;
				CLANG_WARN_BOOL_CONVERSION = YES;
				CLANG_WARN_CONSTANT_CONVERSION = YES;
				CLANG_WARN_DIRECT_OBJC_ISA_USAGE = YES_ERROR;
				CLANG_WARN_EMPTY_BODY = YES;
				CLANG_WARN_ENUM_CONVERSION = YES;
				CLANG_WARN_INT_CONVERSION = YES;
				CLANG_WARN_OBJC_ROOT_CLASS = YES_ERROR;
				CLANG_WARN__DUPLICATE_METHOD_MATCH = YES;
				"CODE_SIGN_IDENTITY[sdk=iphoneos*]" = "iPhone Developer";
				COPY_PHASE_STRIP = YES;
				ENABLE_NS_ASSERTIONS = NO;
				GCC_C_LANGUAGE_STANDARD = gnu99;
				GCC_WARN_64_TO_32_BIT_CONVERSION = YES;
				GCC_WARN_ABOUT_RETURN_TYPE = YES_ERROR;
				GCC_WARN_UNDECLARED_SELECTOR = YES;
				GCC_WARN_UNINITIALIZED_AUTOS = YES_AGGRESSIVE;
				GCC_WARN_UNUSED_FUNCTION = YES;
				GCC_WARN_UNUSED_VARIABLE = YES;
				IPHONEOS_DEPLOYMENT_TARGET = 7.1;
				SDKROOT = iphoneos;
				VALIDATE_PRODUCT = YES;
			};
			name = Release;
		};
		4FC136EB19362D4B00C6B966 /* Debug */ = {
			isa = XCBuildConfiguration;
			buildSettings = {
				ASSETCATALOG_COMPILER_APPICON_NAME = AppIcon;
				ASSETCATALOG_COMPILER_LAUNCHIMAGE_NAME = LaunchImage;
				GCC_PRECOMPILE_PREFIX_HEADER = YES;
				GCC_PREFIX_HEADER = "Git Test/Git Test-Prefix.pch";
				INFOPLIST_FILE = "Git Test/Git Test-Info.plist";
				PRODUCT_NAME = "$(TARGET_NAME)";
				WRAPPER_EXTENSION = app;
			};
			name = Debug;
		};
		4FC136EC19362D4B00C6B966 /* Release */ = {
			isa = XCBuildConfiguration;
			buildSettings = {
				ASSETCATALOG_COMPILER_APPICON_NAME = AppIcon;
				ASSETCATALOG_COMPILER_LAUNCHIMAGE_NAME = LaunchImage;
				GCC_PRECOMPILE_PREFIX_HEADER = YES;
				GCC_PREFIX_HEADER = "Git Test/Git Test-Prefix.pch";
				INFOPLIST_FILE = "Git Test/Git Test-Info.plist";
				PRODUCT_NAME = "$(TARGET_NAME)";
				WRAPPER_EXTENSION = app;
			};
			name = Release;
		};
		4FC136EE19362D4B00C6B966 /* Debug */ = {
			isa = XCBuildConfiguration;
			buildSettings = {
				BUNDLE_LOADER = "$(BUILT_PRODUCTS_DIR)/Git Test.app/Git Test";
				FRAMEWORK_SEARCH_PATHS = (
					"$(SDKROOT)/Developer/Library/Frameworks",
					"$(inherited)",
					"$(DEVELOPER_FRAMEWORKS_DIR)",
				);
				GCC_PRECOMPILE_PREFIX_HEADER = YES;
				GCC_PREFIX_HEADER = "Git Test/Git Test-Prefix.pch";
				GCC_PREPROCESSOR_DEFINITIONS = (
					"DEBUG=1",
					"$(inherited)",
				);
				INFOPLIST_FILE = "Git TestTests/Git TestTests-Info.plist";
				PRODUCT_NAME = "$(TARGET_NAME)";
				TEST_HOST = "$(BUNDLE_LOADER)";
				WRAPPER_EXTENSION = xctest;
			};
			name = Debug;
		};
		4FC136EF19362D4B00C6B966 /* Release */ = {
			isa = XCBuildConfiguration;
			buildSettings = {
				BUNDLE_LOADER = "$(BUILT_PRODUCTS_DIR)/Git Test.app/Git Test";
				FRAMEWORK_SEARCH_PATHS = (
					"$(SDKROOT)/Developer/Library/Frameworks",
					"$(inherited)",
					"$(DEVELOPER_FRAMEWORKS_DIR)",
				);
				GCC_PRECOMPILE_PREFIX_HEADER = YES;
				GCC_PREFIX_HEADER = "Git Test/Git Test-Prefix.pch";
				INFOPLIST_FILE = "Git TestTests/Git TestTests-Info.plist";
				PRODUCT_NAME = "$(TARGET_NAME)";
				TEST_HOST = "$(BUNDLE_LOADER)";
				WRAPPER_EXTENSION = xctest;
			};
			name = Release;
		};
/* End XCBuildConfiguration section */

/* Begin XCConfigurationList section */
		4FC136B319362D4B00C6B966 /* Build configuration list for PBXProject "Git Test" */ = {
			isa = XCConfigurationList;
			buildConfigurations = (
				4FC136E819362D4B00C6B966 /* Debug */,
				4FC136E919362D4B00C6B966 /* Release */,
			);
			defaultConfigurationIsVisible = 0;
			defaultConfigurationName = Release;
		};
		4FC136EA19362D4B00C6B966 /* Build configuration list for PBXNativeTarget "Git Test" */ = {
			isa = XCConfigurationList;
			buildConfigurations = (
				4FC136EB19362D4B00C6B966 /* Debug */,
				4FC136EC19362D4B00C6B966 /* Release */,
			);
			defaultConfigurationIsVisible = 0;
		};
		4FC136ED19362D4B00C6B966 /* Build configuration list for PBXNativeTarget "Git TestTests" */ = {
			isa = XCConfigurationList;
			buildConfigurations = (
				4FC136EE19362D4B00C6B966 /* Debug */,
				4FC136EF19362D4B00C6B966 /* Release */,
			);
			defaultConfigurationIsVisible = 0;
		};
/* End XCConfigurationList section */
	};
	rootObject = 4FC136B019362D4B00C6B966 /* Project object */;
}
